
Microsoft Visual Studio Solution File, Format Version 12.00
# Visual Studio 15
VisualStudioVersion = 15.0.26124.0
MinimumVisualStudioVersion = 15.0.26124.0
Project("{FAE04EC0-301F-11D3-BF4B-00C04F79EFBC}") = "Film", "Film\Film.csproj", "{34C9762B-55E3-4173-8475-50A9D1D35E7E}"
EndProject
Project("{FAE04EC0-301F-11D3-BF4B-00C04F79EFBC}") = "models", "models\models.csproj", "{26A82A9C-1F54-4E28-8307-F820DB88F72C}"
EndProject
Project("{FAE04EC0-301F-11D3-BF4B-00C04F79EFBC}") = "test", "test\test.csproj", "{9C585CE9-8070-4CF9-8427-DE608E845472}"
EndProject
Global
	GlobalSection(SolutionConfigurationPlatforms) = preSolution
		Debug|Any CPU = Debug|Any CPU
		Debug|x64 = Debug|x64
		Debug|x86 = Debug|x86
		Release|Any CPU = Release|Any CPU
		Release|x64 = Release|x64
		Release|x86 = Release|x86
	EndGlobalSection
	GlobalSection(SolutionProperties) = preSolution
		HideSolutionNode = FALSE
	EndGlobalSection
	GlobalSection(ProjectConfigurationPlatforms) = postSolution
		{34C9762B-55E3-4173-8475-50A9D1D35E7E}.Debug|Any CPU.ActiveCfg = Debug|Any CPU
		{34C9762B-55E3-4173-8475-50A9D1D35E7E}.Debug|Any CPU.Build.0 = Debug|Any CPU
		{34C9762B-55E3-4173-8475-50A9D1D35E7E}.Debug|x64.ActiveCfg = Debug|Any CPU
		{34C9762B-55E3-4173-8475-50A9D1D35E7E}.Debug|x64.Build.0 = Debug|Any CPU
		{34C9762B-55E3-4173-8475-50A9D1D35E7E}.Debug|x86.ActiveCfg = Debug|Any CPU
		{34C9762B-55E3-4173-8475-50A9D1D35E7E}.Debug|x86.Build.0 = Debug|Any CPU
		{34C9762B-55E3-4173-8475-50A9D1D35E7E}.Release|Any CPU.ActiveCfg = Release|Any CPU
		{34C9762B-55E3-4173-8475-50A9D1D35E7E}.Release|Any CPU.Build.0 = Release|Any CPU
		{34C9762B-55E3-4173-8475-50A9D1D35E7E}.Release|x64.ActiveCfg = Release|Any CPU
		{34C9762B-55E3-4173-8475-50A9D1D35E7E}.Release|x64.Build.0 = Release|Any CPU
		{34C9762B-55E3-4173-8475-50A9D1D35E7E}.Release|x86.ActiveCfg = Release|Any CPU
		{34C9762B-55E3-4173-8475-50A9D1D35E7E}.Release|x86.Build.0 = Release|Any CPU
		{26A82A9C-1F54-4E28-8307-F820DB88F72C}.Debug|Any CPU.ActiveCfg = Debug|Any CPU
		{26A82A9C-1F54-4E28-8307-F820DB88F72C}.Debug|Any CPU.Build.0 = Debug|Any CPU
		{26A82A9C-1F54-4E28-8307-F820DB88F72C}.Debug|x64.ActiveCfg = Debug|Any CPU
		{26A82A9C-1F54-4E28-8307-F820DB88F72C}.Debug|x64.Build.0 = Debug|Any CPU
		{26A82A9C-1F54-4E28-8307-F820DB88F72C}.Debug|x86.ActiveCfg = Debug|Any CPU
		{26A82A9C-1F54-4E28-8307-F820DB88F72C}.Debug|x86.Build.0 = Debug|Any CPU
		{26A82A9C-1F54-4E28-8307-F820DB88F72C}.Release|Any CPU.ActiveCfg = Release|Any CPU
		{26A82A9C-1F54-4E28-8307-F820DB88F72C}.Release|Any CPU.Build.0 = Release|Any CPU
		{26A82A9C-1F54-4E28-8307-F820DB88F72C}.Release|x64.ActiveCfg = Release|Any CPU
		{26A82A9C-1F54-4E28-8307-F820DB88F72C}.Release|x64.Build.0 = Release|Any CPU
		{26A82A9C-1F54-4E28-8307-F820DB88F72C}.Release|x86.ActiveCfg = Release|Any CPU
		{26A82A9C-1F54-4E28-8307-F820DB88F72C}.Release|x86.Build.0 = Release|Any CPU
		{9C585CE9-8070-4CF9-8427-DE608E845472}.Debug|Any CPU.ActiveCfg = Debug|Any CPU
		{9C585CE9-8070-4CF9-8427-DE608E845472}.Debug|Any CPU.Build.0 = Debug|Any CPU
		{9C585CE9-8070-4CF9-8427-DE608E845472}.Debug|x64.ActiveCfg = Debug|Any CPU
		{9C585CE9-8070-4CF9-8427-DE608E845472}.Debug|x64.Build.0 = Debug|Any CPU
		{9C585CE9-8070-4CF9-8427-DE608E845472}.Debug|x86.ActiveCfg = Debug|Any CPU
		{9C585CE9-8070-4CF9-8427-DE608E845472}.Debug|x86.Build.0 = Debug|Any CPU
		{9C585CE9-8070-4CF9-8427-DE608E845472}.Release|Any CPU.ActiveCfg = Release|Any CPU
		{9C585CE9-8070-4CF9-8427-DE608E845472}.Release|Any CPU.Build.0 = Release|Any CPU
		{9C585CE9-8070-4CF9-8427-DE608E845472}.Release|x64.ActiveCfg = Release|Any CPU
		{9C585CE9-8070-4CF9-8427-DE608E845472}.Release|x64.Build.0 = Release|Any CPU
		{9C585CE9-8070-4CF9-8427-DE608E845472}.Release|x86.ActiveCfg = Release|Any CPU
		{9C585CE9-8070-4CF9-8427-DE608E845472}.Release|x86.Build.0 = Release|Any CPU
	EndGlobalSection
EndGlobal
